
Microsoft Visual Studio Solution File, Format Version 12.00
# Visual Studio Version 16
VisualStudioVersion = 16.0.32106.194
MinimumVisualStudioVersion = 10.0.40219.1
Project("{FAE04EC0-301F-11D3-BF4B-00C04F79EFBC}") = "Wildberries Parser", "Wildberries Parser\Wildberries Parser.csproj", "{D007F4B8-85EE-4707-AFA2-DD058482DBFE}"
EndProject
Global
	GlobalSection(SolutionConfigurationPlatforms) = preSolution
		Debug|Any CPU = Debug|Any CPU
		Release|Any CPU = Release|Any CPU
	EndGlobalSection
	GlobalSection(ProjectConfigurationPlatforms) = postSolution
		{D007F4B8-85EE-4707-AFA2-DD058482DBFE}.Debug|Any CPU.ActiveCfg = Debug|Any CPU
		{D007F4B8-85EE-4707-AFA2-DD058482DBFE}.Debug|Any CPU.Build.0 = Debug|Any CPU
		{D007F4B8-85EE-4707-AFA2-DD058482DBFE}.Release|Any CPU.ActiveCfg = Release|Any CPU
		{D007F4B8-85EE-4707-AFA2-DD058482DBFE}.Release|Any CPU.Build.0 = Release|Any CPU
	EndGlobalSection
	GlobalSection(SolutionProperties) = preSolution
		HideSolutionNode = FALSE
	EndGlobalSection
	GlobalSection(ExtensibilityGlobals) = postSolution
		SolutionGuid = {89D4FB9D-9959-4AE2-8885-ABE923964C62}
	EndGlobalSection
EndGlobal
